
Microsoft Visual Studio Solution File, Format Version 12.00
# Visual Studio Version 17
VisualStudioVersion = 17.0.31903.59
MinimumVisualStudioVersion = 10.0.40219.1
Project("{FAE04EC0-301F-11D3-BF4B-00C04F79EFBC}") = "Final_C", "Final_C\Final_C.csproj", "{430111BD-2495-4365-86C6-05082C6D86ED}"
EndProject
Global
	GlobalSection(SolutionConfigurationPlatforms) = preSolution
		Debug|Any CPU = Debug|Any CPU
		Release|Any CPU = Release|Any CPU
	EndGlobalSection
	GlobalSection(SolutionProperties) = preSolution
		HideSolutionNode = FALSE
	EndGlobalSection
	GlobalSection(ProjectConfigurationPlatforms) = postSolution
		{430111BD-2495-4365-86C6-05082C6D86ED}.Debug|Any CPU.ActiveCfg = Debug|Any CPU
		{430111BD-2495-4365-86C6-05082C6D86ED}.Debug|Any CPU.Build.0 = Debug|Any CPU
		{430111BD-2495-4365-86C6-05082C6D86ED}.Release|Any CPU.ActiveCfg = Release|Any CPU
		{430111BD-2495-4365-86C6-05082C6D86ED}.Release|Any CPU.Build.0 = Release|Any CPU
	EndGlobalSection
EndGlobal
